PODS:
  - PinchableImageView (0.3.0-beta1)

DEPENDENCIES:
  - PinchableImageView (from `../`)

EXTERNAL SOURCES:
  PinchableImageView:
    :path: "../"

SPEC CHECKSUMS:
  PinchableImageView: b1f2470c64f46a50647e9f9031c083bbd94e06d1

PODFILE CHECKSUM: d7ce08f5b829e6dc6434824cf3ef15efd21bb896

COCOAPODS: 1.1.0.beta.1
