// !$*UTF8*$!
{
	archiveVersion = 1;
	classes = {
	};
	objectVersion = 46;
	objects = {

/* Begin PBXBuildFile section */
		033811181EC3CE7C0021FBBE /* TableViewController.swift in Sources */ = {isa = PBXBuildFile; fileRef = 033811171EC3CE7C0021FBBE /* TableViewController.swift */; };
		036BAD921EC2289A00BCAFED /* AppDelegate.swift in Sources */ = {isa = PBXBuildFile; fileRef = 036BAD911EC2289A00BCAFED /* AppDelegate.swift */; };
		036BAD971EC2289A00BCAFED /* Main.storyboard in Resources */ = {isa = PBXBuildFile; fileRef = 036BAD951EC2289A00BCAFED /* Main.storyboard */; };
		036BAD991EC2289A00BCAFED /* Assets.xcassets in Resources */ = {isa = PBXBuildFile; fileRef = 036BAD981EC2289A00BCAFED /* Assets.xcassets */; };
		036BAD9C1EC2289A00BCAFED /* LaunchScreen.storyboard in Resources */ = {isa = PBXBuildFile; fileRef = 036BAD9A1EC2289A00BCAFED /* LaunchScreen.storyboard */; };
		036BADA71EC2289A00BCAFED /* PinchableImageViewTests.swift in Sources */ = {isa = PBXBuildFile; fileRef = 036BADA61EC2289A00BCAFED /* PinchableImageViewTests.swift */; };
		036BADB61EC2457700BCAFED /* ViewController.swift in Sources */ = {isa = PBXBuildFile; fileRef = 036BADB51EC2457700BCAFED /* ViewController.swift */; };
		036BADB81EC2458700BCAFED /* NestedSubviewsViewController.swift in Sources */ = {isa = PBXBuildFile; fileRef = 036BADB71EC2458700BCAFED /* NestedSubviewsViewController.swift */; };
		036BADBA1EC2459000BCAFED /* CollectionViewController.swift in Sources */ = {isa = PBXBuildFile; fileRef = 036BADB91EC2459000BCAFED /* CollectionViewController.swift */; };
		036BADBD1EC2618700BCAFED /* PinchableImageView.swift in Sources */ = {isa = PBXBuildFile; fileRef = 036BADBC1EC2618700BCAFED /* PinchableImageView.swift */; };
		03CC375B1EC32F2F00BA3DC5 /* DemoTableViewController.swift in Sources */ = {isa = PBXBuildFile; fileRef = 03CC375A1EC32F2F00BA3DC5 /* DemoTableViewController.swift */; };
/* End PBXBuildFile section */

/* Begin PBXContainerItemProxy section */
		036BADA31EC2289A00BCAFED /* PBXContainerItemProxy */ = {
			isa = PBXContainerItemProxy;
			containerPortal = 036BAD861EC2289A00BCAFED /* Project object */;
			proxyType = 1;
			remoteGlobalIDString = 036BAD8D1EC2289A00BCAFED;
			remoteInfo = PinchableImageView;
		};
/* End PBXContainerItemProxy section */

/* Begin PBXFileReference section */
		033811171EC3CE7C0021FBBE /* TableViewController.swift */ = {isa = PBXFileReference; fileEncoding = 4; lastKnownFileType = sourcecode.swift; path = TableViewController.swift; sourceTree = "<group>"; };
		036BAD8E1EC2289A00BCAFED /* PinchableImageView.app */ = {isa = PBXFileReference; explicitFileType = wrapper.application; includeInIndex = 0; path = PinchableImageView.app; sourceTree = BUILT_PRODUCTS_DIR; };
		036BAD911EC2289A00BCAFED /* AppDelegate.swift */ = {isa = PBXFileReference; lastKnownFileType = sourcecode.swift; path = AppDelegate.swift; sourceTree = "<group>"; };
		036BAD961EC2289A00BCAFED /* Base */ = {isa = PBXFileReference; lastKnownFileType = file.storyboard; name = Base; path = Base.lproj/Main.storyboard; sourceTree = "<group>"; };
		036BAD981EC2289A00BCAFED /* Assets.xcassets */ = {isa = PBXFileReference; lastKnownFileType = folder.assetcatalog; path = Assets.xcassets; sourceTree = "<group>"; };
		036BAD9B1EC2289A00BCAFED /* Base */ = {isa = PBXFileReference; lastKnownFileType = file.storyboard; name = Base; path = Base.lproj/LaunchScreen.storyboard; sourceTree = "<group>"; };
		036BAD9D1EC2289A00BCAFED /* Info.plist */ = {isa = PBXFileReference; lastKnownFileType = text.plist.xml; path = Info.plist; sourceTree = "<group>"; };
		036BADA21EC2289A00BCAFED /* PinchableImageViewTests.xctest */ = {isa = PBXFileReference; explicitFileType = wrapper.cfbundle; includeInIndex = 0; path = PinchableImageViewTests.xctest; sourceTree = BUILT_PRODUCTS_DIR; };
		036BADA61EC2289A00BCAFED /* PinchableImageViewTests.swift */ = {isa = PBXFileReference; lastKnownFileType = sourcecode.swift; path = PinchableImageViewTests.swift; sourceTree = "<group>"; };
		036BADA81EC2289A00BCAFED /* Info.plist */ = {isa = PBXFileReference; lastKnownFileType = text.plist.xml; path = Info.plist; sourceTree = "<group>"; };
		036BADB51EC2457700BCAFED /* ViewController.swift */ = {isa = PBXFileReference; fileEncoding = 4; lastKnownFileType = sourcecode.swift; path = ViewController.swift; sourceTree = "<group>"; };
		036BADB71EC2458700BCAFED /* NestedSubviewsViewController.swift */ = {isa = PBXFileReference; fileEncoding = 4; lastKnownFileType = sourcecode.swift; path = NestedSubviewsViewController.swift; sourceTree = "<group>"; };
		036BADB91EC2459000BCAFED /* CollectionViewController.swift */ = {isa = PBXFileReference; fileEncoding = 4; lastKnownFileType = sourcecode.swift; path = CollectionViewController.swift; sourceTree = "<group>"; };
		036BADBC1EC2618700BCAFED /* PinchableImageView.swift */ = {isa = PBXFileReference; fileEncoding = 4; lastKnownFileType = sourcecode.swift; path = PinchableImageView.swift; sourceTree = "<group>"; };
		03CC375A1EC32F2F00BA3DC5 /* DemoTableViewController.swift */ = {isa = PBXFileReference; fileEncoding = 4; lastKnownFileType = sourcecode.swift; path = DemoTableViewController.swift; sourceTree = "<group>"; };
/* End PBXFileReference section */

/* Begin PBXFrameworksBuildPhase section */
		036BAD8B1EC2289A00BCAFED /* Frameworks */ = {
			isa = PBXFrameworksBuildPhase;
			buildActionMask = 2147483647;
			files = (
			);
			runOnlyForDeploymentPostprocessing = 0;
		};
		036BAD9F1EC2289A00BCAFED /* Frameworks */ = {
			isa = PBXFrameworksBuildPhase;
			buildActionMask = 2147483647;
			files = (
			);
			runOnlyForDeploymentPostprocessing = 0;
		};
/* End PBXFrameworksBuildPhase section */

/* Begin PBXGroup section */
		036BAD851EC2289A00BCAFED = {
			isa = PBXGroup;
			children = (
				036BAD901EC2289A00BCAFED /* PinchableImageView */,
				036BADA51EC2289A00BCAFED /* PinchableImageViewTests */,
				036BAD8F1EC2289A00BCAFED /* Products */,
			);
			sourceTree = "<group>";
		};
		036BAD8F1EC2289A00BCAFED /* Products */ = {
			isa = PBXGroup;
			children = (
				036BAD8E1EC2289A00BCAFED /* PinchableImageView.app */,
				036BADA21EC2289A00BCAFED /* PinchableImageViewTests.xctest */,
			);
			name = Products;
			sourceTree = "<group>";
		};
		036BAD901EC2289A00BCAFED /* PinchableImageView */ = {
			isa = PBXGroup;
			children = (
				036BADBB1EC2615600BCAFED /* Source */,
				036BAD911EC2289A00BCAFED /* AppDelegate.swift */,
				03CC375A1EC32F2F00BA3DC5 /* DemoTableViewController.swift */,
				036BADB51EC2457700BCAFED /* ViewController.swift */,
				036BADB71EC2458700BCAFED /* NestedSubviewsViewController.swift */,
				036BADB91EC2459000BCAFED /* CollectionViewController.swift */,
				033811171EC3CE7C0021FBBE /* TableViewController.swift */,
				036BAD951EC2289A00BCAFED /* Main.storyboard */,
				036BAD981EC2289A00BCAFED /* Assets.xcassets */,
				036BAD9A1EC2289A00BCAFED /* LaunchScreen.storyboard */,
				036BAD9D1EC2289A00BCAFED /* Info.plist */,
			);
			path = PinchableImageView;
			sourceTree = "<group>";
		};
		036BADA51EC2289A00BCAFED /* PinchableImageViewTests */ = {
			isa = PBXGroup;
			children = (
				036BADA61EC2289A00BCAFED /* PinchableImageViewTests.swift */,
				036BADA81EC2289A00BCAFED /* Info.plist */,
			);
			path = PinchableImageViewTests;
			sourceTree = "<group>";
		};
		036BADBB1EC2615600BCAFED /* Source */ = {
			isa = PBXGroup;
			children = (
				036BADBC1EC2618700BCAFED /* PinchableImageView.swift */,
			);
			name = Source;
			path = ../Source;
			sourceTree = "<group>";
		};
/* End PBXGroup section */

/* Begin PBXNativeTarget section */
		036BAD8D1EC2289A00BCAFED /* PinchableImageView */ = {
			isa = PBXNativeTarget;
			buildConfigurationList = 036BADAB1EC2289A00BCAFED /* Build configuration list for PBXNativeTarget "PinchableImageView" */;
			buildPhases = (
				036BAD8A1EC2289A00BCAFED /* Sources */,
				036BAD8B1EC2289A00BCAFED /* Frameworks */,
				036BAD8C1EC2289A00BCAFED /* Resources */,
			);
			buildRules = (
			);
			dependencies = (
			);
			name = PinchableImageView;
			productName = PinchableImageView;
			productReference = 036BAD8E1EC2289A00BCAFED /* PinchableImageView.app */;
			productType = "com.apple.product-type.application";
		};
		036BADA11EC2289A00BCAFED /* PinchableImageViewTests */ = {
			isa = PBXNativeTarget;
			buildConfigurationList = 036BADAE1EC2289A00BCAFED /* Build configuration list for PBXNativeTarget "PinchableImageViewTests" */;
			buildPhases = (
				036BAD9E1EC2289A00BCAFED /* Sources */,
				036BAD9F1EC2289A00BCAFED /* Frameworks */,
				036BADA01EC2289A00BCAFED /* Resources */,
			);
			buildRules = (
			);
			dependencies = (
				036BADA41EC2289A00BCAFED /* PBXTargetDependency */,
			);
			name = PinchableImageViewTests;
			productName = PinchableImageViewTests;
			productReference = 036BADA21EC2289A00BCAFED /* PinchableImageViewTests.xctest */;
			productType = "com.apple.product-type.bundle.unit-test";
		};
/* End PBXNativeTarget section */

/* Begin PBXProject section */
		036BAD861EC2289A00BCAFED /* Project object */ = {
			isa = PBXProject;
			attributes = {
				LastSwiftUpdateCheck = 0830;
				LastUpgradeCheck = 0830;
				ORGANIZATIONNAME = StockX;
				TargetAttributes = {
					036BAD8D1EC2289A00BCAFED = {
						CreatedOnToolsVersion = 8.3.1;
						DevelopmentTeam = 4HAXE63WP8;
						ProvisioningStyle = Automatic;
					};
					036BADA11EC2289A00BCAFED = {
						CreatedOnToolsVersion = 8.3.1;
						ProvisioningStyle = Automatic;
						TestTargetID = 036BAD8D1EC2289A00BCAFED;
					};
				};
			};
			buildConfigurationList = 036BAD891EC2289A00BCAFED /* Build configuration list for PBXProject "PinchableImageView" */;
			compatibilityVersion = "Xcode 3.2";
			developmentRegion = English;
			hasScannedForEncodings = 0;
			knownRegions = (
				en,
				Base,
			);
			mainGroup = 036BAD851EC2289A00BCAFED;
			productRefGroup = 036BAD8F1EC2289A00BCAFED /* Products */;
			projectDirPath = "";
			projectRoot = "";
			targets = (
				036BAD8D1EC2289A00BCAFED /* PinchableImageView */,
				036BADA11EC2289A00BCAFED /* PinchableImageViewTests */,
			);
		};
/* End PBXProject section */

/* Begin PBXResourcesBuildPhase section */
		036BAD8C1EC2289A00BCAFED /* Resources */ = {
			isa = PBXResourcesBuildPhase;
			buildActionMask = 2147483647;
			files = (
				036BAD9C1EC2289A00BCAFED /* LaunchScreen.storyboard in Resources */,
				036BAD991EC2289A00BCAFED /* Assets.xcassets in Resources */,
				036BAD971EC2289A00BCAFED /* Main.storyboard in Resources */,
			);
			runOnlyForDeploymentPostprocessing = 0;
		};
		036BADA01EC2289A00BCAFED /* Resources */ = {
			isa = PBXResourcesBuildPhase;
			buildActionMask = 2147483647;
			files = (
			);
			runOnlyForDeploymentPostprocessing = 0;
		};
/* End PBXResourcesBuildPhase section */

/* Begin PBXSourcesBuildPhase section */
		036BAD8A1EC2289A00BCAFED /* Sources */ = {
			isa = PBXSourcesBuildPhase;
			buildActionMask = 2147483647;
			files = (
				036BADBA1EC2459000BCAFED /* CollectionViewController.swift in Sources */,
				033811181EC3CE7C0021FBBE /* TableViewController.swift in Sources */,
				036BADB61EC2457700BCAFED /* ViewController.swift in Sources */,
				03CC375B1EC32F2F00BA3DC5 /* DemoTableViewController.swift in Sources */,
				036BADBD1EC2618700BCAFED /* PinchableImageView.swift in Sources */,
				036BADB81EC2458700BCAFED /* NestedSubviewsViewController.swift in Sources */,
				036BAD921EC2289A00BCAFED /* AppDelegate.swift in Sources */,
			);
			runOnlyForDeploymentPostprocessing = 0;
		};
		036BAD9E1EC2289A00BCAFED /* Sources */ = {
			isa = PBXSourcesBuildPhase;
			buildActionMask = 2147483647;
			files = (
				036BADA71EC2289A00BCAFED /* PinchableImageViewTests.swift in Sources */,
			);
			runOnlyForDeploymentPostprocessing = 0;
		};
/* End PBXSourcesBuildPhase section */

/* Begin PBXTargetDependency section */
		036BADA41EC2289A00BCAFED /* PBXTargetDependency */ = {
			isa = PBXTargetDependency;
			target = 036BAD8D1EC2289A00BCAFED /* PinchableImageView */;
			targetProxy = 036BADA31EC2289A00BCAFED /* PBXContainerItemProxy */;
		};
/* End PBXTargetDependency section */

/* Begin PBXVariantGroup section */
		036BAD951EC2289A00BCAFED /* Main.storyboard */ = {
			isa = PBXVariantGroup;
			children = (
				036BAD961EC2289A00BCAFED /* Base */,
			);
			name = Main.storyboard;
			sourceTree = "<group>";
		};
		036BAD9A1EC2289A00BCAFED /* LaunchScreen.storyboard */ = {
			isa = PBXVariantGroup;
			children = (
				036BAD9B1EC2289A00BCAFED /* Base */,
			);
			name = LaunchScreen.storyboard;
			sourceTree = "<group>";
		};
/* End PBXVariantGroup section */

/* Begin XCBuildConfiguration section */
		036BADA91EC2289A00BCAFED /* Debug */ = {
			isa = XCBuildConfiguration;
			buildSettings = {
				ALWAYS_SEARCH_USER_PATHS = NO;
				CLANG_ANALYZER_NONNULL = YES;
				CLANG_ANALYZER_NUMBER_OBJECT_CONVERSION = YES_AGGRESSIVE;
				CLANG_CXX_LANGUAGE_STANDARD = "gnu++0x";
				CLANG_CXX_LIBRARY = "libc++";
				CLANG_ENABLE_MODULES = YES;
				CLANG_ENABLE_OBJC_ARC = YES;
				CLANG_WARN_BOOL_CONVERSION = YES;
				CLANG_WARN_CONSTANT_CONVERSION = YES;
				CLANG_WARN_DIRECT_OBJC_ISA_USAGE = YES_ERROR;
				CLANG_WARN_DOCUMENTATION_COMMENTS = YES;
				CLANG_WARN_EMPTY_BODY = YES;
				CLANG_WARN_ENUM_CONVERSION = YES;
				CLANG_WARN_INFINITE_RECURSION = YES;
				CLANG_WARN_INT_CONVERSION = YES;
				CLANG_WARN_OBJC_ROOT_CLASS = YES_ERROR;
				CLANG_WARN_SUSPICIOUS_MOVE = YES;
				CLANG_WARN_UNREACHABLE_CODE = YES;
				CLANG_WARN__DUPLICATE_METHOD_MATCH = YES;
				"CODE_SIGN_IDENTITY[sdk=iphoneos*]" = "iPhone Developer";
				COPY_PHASE_STRIP = NO;
				DEBUG_INFORMATION_FORMAT = dwarf;
				ENABLE_STRICT_OBJC_MSGSEND = YES;
				ENABLE_TESTABILITY = YES;
				GCC_C_LANGUAGE_STANDARD = gnu99;
				GCC_DYNAMIC_NO_PIC = NO;
				GCC_NO_COMMON_BLOCKS = YES;
				GCC_OPTIMIZATION_LEVEL = 0;
				GCC_PREPROCESSOR_DEFINITIONS = (
					"DEBUG=1",
					"$(inherited)",
				);
				GCC_WARN_64_TO_32_BIT_CONVERSION = YES;
				GCC_WARN_ABOUT_RETURN_TYPE = YES_ERROR;
				GCC_WARN_UNDECLARED_SELECTOR = YES;
				GCC_WARN_UNINITIALIZED_AUTOS = YES_AGGRESSIVE;
				GCC_WARN_UNUSED_FUNCTION = YES;
				GCC_WARN_UNUSED_VARIABLE = YES;
				IPHONEOS_DEPLOYMENT_TARGET = 10.3;
				MTL_ENABLE_DEBUG_INFO = YES;
				ONLY_ACTIVE_ARCH = YES;
				SDKROOT = iphoneos;
				SWIFT_ACTIVE_COMPILATION_CONDITIONS = DEBUG;
				SWIFT_OPTIMIZATION_LEVEL = "-Onone";
				TARGETED_DEVICE_FAMILY = "1,2";
			};
			name = Debug;
		};
		036BADAA1EC2289A00BCAFED /* Release */ = {
			isa = XCBuildConfiguration;
			buildSettings = {
				ALWAYS_SEARCH_USER_PATHS = NO;
				CLANG_ANALYZER_NONNULL = YES;
				CLANG_ANALYZER_NUMBER_OBJECT_CONVERSION = YES_AGGRESSIVE;
				CLANG_CXX_LANGUAGE_STANDARD = "gnu++0x";
				CLANG_CXX_LIBRARY = "libc++";
				CLANG_ENABLE_MODULES = YES;
				CLANG_ENABLE_OBJC_ARC = YES;
				CLANG_WARN_BOOL_CONVERSION = YES;
				CLANG_WARN_CONSTANT_CONVERSION = YES;
				CLANG_WARN_DIRECT_OBJC_ISA_USAGE = YES_ERROR;
				CLANG_WARN_DOCUMENTATION_COMMENTS = YES;
				CLANG_WARN_EMPTY_BODY = YES;
				CLANG_WARN_ENUM_CONVERSION = YES;
				CLANG_WARN_INFINITE_RECURSION = YES;
				CLANG_WARN_INT_CONVERSION = YES;
				CLANG_WARN_OBJC_ROOT_CLASS = YES_ERROR;
				CLANG_WARN_SUSPICIOUS_MOVE = YES;
				CLANG_WARN_UNREACHABLE_CODE = YES;
				CLANG_WARN__DUPLICATE_METHOD_MATCH = YES;
				"CODE_SIGN_IDENTITY[sdk=iphoneos*]" = "iPhone Developer";
				COPY_PHASE_STRIP = NO;
				DEBUG_INFORMATION_FORMAT = "dwarf-with-dsym";
				ENABLE_NS_ASSERTIONS = NO;
				ENABLE_STRICT_OBJC_MSGSEND = YES;
				GCC_C_LANGUAGE_STANDARD = gnu99;
				GCC_NO_COMMON_BLOCKS = YES;
				GCC_WARN_64_TO_32_BIT_CONVERSION = YES;
				GCC_WARN_ABOUT_RETURN_TYPE = YES_ERROR;
				GCC_WARN_UNDECLARED_SELECTOR = YES;
				GCC_WARN_UNINITIALIZED_AUTOS = YES_AGGRESSIVE;
				GCC_WARN_UNUSED_FUNCTION = YES;
				GCC_WARN_UNUSED_VARIABLE = YES;
				IPHONEOS_DEPLOYMENT_TARGET = 10.3;
				MTL_ENABLE_DEBUG_INFO = NO;
				SDKROOT = iphoneos;
				SWIFT_OPTIMIZATION_LEVEL = "-Owholemodule";
				TARGETED_DEVICE_FAMILY = "1,2";
				VALIDATE_PRODUCT = YES;
			};
			name = Release;
		};
		036BADAC1EC2289A00BCAFED /* Debug */ = {
			isa = XCBuildConfiguration;
			buildSettings = {
				ASSETCATALOG_COMPILER_APPICON_NAME = AppIcon;
				DEVELOPMENT_TEAM = 4HAXE63WP8;
				INFOPLIST_FILE = PinchableImageView/Info.plist;
				LD_RUNPATH_SEARCH_PATHS = "$(inherited) @executable_path/Frameworks";
				PRODUCT_BUNDLE_IDENTIFIER = stockx.PinchableImageView;
				PRODUCT_NAME = "$(TARGET_NAME)";
				SWIFT_VERSION = 3.0;
			};
			name = Debug;
		};
		036BADAD1EC2289A00BCAFED /* Release */ = {
			isa = XCBuildConfiguration;
			buildSettings = {
				ASSETCATALOG_COMPILER_APPICON_NAME = AppIcon;
				DEVELOPMENT_TEAM = 4HAXE63WP8;
				INFOPLIST_FILE = PinchableImageView/Info.plist;
				LD_RUNPATH_SEARCH_PATHS = "$(inherited) @executable_path/Frameworks";
				PRODUCT_BUNDLE_IDENTIFIER = stockx.PinchableImageView;
				PRODUCT_NAME = "$(TARGET_NAME)";
				SWIFT_VERSION = 3.0;
			};
			name = Release;
		};
		036BADAF1EC2289A00BCAFED /* Debug */ = {
			isa = XCBuildConfiguration;
			buildSettings = {
				ALWAYS_EMBED_SWIFT_STANDARD_LIBRARIES = YES;
				BUNDLE_LOADER = "$(TEST_HOST)";
				INFOPLIST_FILE = PinchableImageViewTests/Info.plist;
				LD_RUNPATH_SEARCH_PATHS = "$(inherited) @executable_path/Frameworks @loader_path/Frameworks";
				PRODUCT_BUNDLE_IDENTIFIER = stockx.PinchableImageViewTests;
				PRODUCT_NAME = "$(TARGET_NAME)";
				SWIFT_VERSION = 3.0;
				TEST_HOST = "$(BUILT_PRODUCTS_DIR)/PinchableImageView.app/PinchableImageView";
			};
			name = Debug;
		};
		036BADB01EC2289A00BCAFED /* Release */ = {
			isa = XCBuildConfiguration;
			buildSettings = {
				ALWAYS_EMBED_SWIFT_STANDARD_LIBRARIES = YES;
				BUNDLE_LOADER = "$(TEST_HOST)";
				INFOPLIST_FILE = PinchableImageViewTests/Info.plist;
				LD_RUNPATH_SEARCH_PATHS = "$(inherited) @executable_path/Frameworks @loader_path/Frameworks";
				PRODUCT_BUNDLE_IDENTIFIER = stockx.PinchableImageViewTests;
				PRODUCT_NAME = "$(TARGET_NAME)";
				SWIFT_VERSION = 3.0;
				TEST_HOST = "$(BUILT_PRODUCTS_DIR)/PinchableImageView.app/PinchableImageView";
			};
			name = Release;
		};
/* End XCBuildConfiguration section */

/* Begin XCConfigurationList section */
		036BAD891EC2289A00BCAFED /* Build configuration list for PBXProject "PinchableImageView" */ = {
			isa = XCConfigurationList;
			buildConfigurations = (
				036BADA91EC2289A00BCAFED /* Debug */,
				036BADAA1EC2289A00BCAFED /* Release */,
			);
			defaultConfigurationIsVisible = 0;
			defaultConfigurationName = Release;
		};
		036BADAB1EC2289A00BCAFED /* Build configuration list for PBXNativeTarget "PinchableImageView" */ = {
			isa = XCConfigurationList;
			buildConfigurations = (
				036BADAC1EC2289A00BCAFED /* Debug */,
				036BADAD1EC2289A00BCAFED /* Release */,
			);
			defaultConfigurationIsVisible = 0;
			defaultConfigurationName = Release;
		};
		036BADAE1EC2289A00BCAFED /* Build configuration list for PBXNativeTarget "PinchableImageViewTests" */ = {
			isa = XCConfigurationList;
			buildConfigurations = (
				036BADAF1EC2289A00BCAFED /* Debug */,
				036BADB01EC2289A00BCAFED /* Release */,
			);
			defaultConfigurationIsVisible = 0;
			defaultConfigurationName = Release;
		};
/* End XCConfigurationList section */
	};
	rootObject = 036BAD861EC2289A00BCAFED /* Project object */;
}
